# This file is automatically @generated by Cargo.
# It is not intended for manual editing.
version = 3

[[package]]
name = "monty-core"
version = "0.1.0"
dependencies = [
 "monty-policy",
]

[[package]]
name = "monty-engine"
version = "0.1.0"
dependencies = [
 "monty-core",
]

[[package]]
name = "monty-policy"
version = "0.1.0"

[[package]]
name = "monty-train"
version = "0.1.0"
dependencies = [
 "monty-core",
 "monty-engine",
 "monty-policy",
]
